
Microsoft Visual Studio Solution File, Format Version 12.00
# Visual Studio Version 16
VisualStudioVersion = 16.0.32106.194
MinimumVisualStudioVersion = 10.0.40219.1
Project("{FAE04EC0-301F-11D3-BF4B-00C04F79EFBC}") = "RegistrationFormASP", "RegistrationFormASP.csproj", "{C8F43A3F-A2CA-4C3B-99C8-53AD5E9B343E}"
EndProject
Global
	GlobalSection(SolutionConfigurationPlatforms) = preSolution
		Debug|Any CPU = Debug|Any CPU
		Release|Any CPU = Release|Any CPU
	EndGlobalSection
	GlobalSection(ProjectConfigurationPlatforms) = postSolution
		{C8F43A3F-A2CA-4C3B-99C8-53AD5E9B343E}.Debug|Any CPU.ActiveCfg = Debug|Any CPU
		{C8F43A3F-A2CA-4C3B-99C8-53AD5E9B343E}.Debug|Any CPU.Build.0 = Debug|Any CPU
		{C8F43A3F-A2CA-4C3B-99C8-53AD5E9B343E}.Release|Any CPU.ActiveCfg = Release|Any CPU
		{C8F43A3F-A2CA-4C3B-99C8-53AD5E9B343E}.Release|Any CPU.Build.0 = Release|Any CPU
	EndGlobalSection
	GlobalSection(SolutionProperties) = preSolution
		HideSolutionNode = FALSE
	EndGlobalSection
	GlobalSection(ExtensibilityGlobals) = postSolution
		SolutionGuid = {350A7DEC-0941-4A85-8F76-B3ED18ECE38C}
	EndGlobalSection
EndGlobal
